
Microsoft Visual Studio Solution File, Format Version 12.00
# Visual Studio Version 17
VisualStudioVersion = 17.5.33516.290
MinimumVisualStudioVersion = 10.0.40219.1
Project("{FAE04EC0-301F-11D3-BF4B-00C04F79EFBC}") = "SSSWebFormASP", "SSSWebFormASP\SSSWebFormASP.csproj", "{B9893085-C251-4C4C-BC1E-9EBFB0DE92C9}"
EndProject
Global
	GlobalSection(SolutionConfigurationPlatforms) = preSolution
		Debug|Any CPU = Debug|Any CPU
		Release|Any CPU = Release|Any CPU
	EndGlobalSection
	GlobalSection(ProjectConfigurationPlatforms) = postSolution
		{B9893085-C251-4C4C-BC1E-9EBFB0DE92C9}.Debug|Any CPU.ActiveCfg = Debug|Any CPU
		{B9893085-C251-4C4C-BC1E-9EBFB0DE92C9}.Debug|Any CPU.Build.0 = Debug|Any CPU
		{B9893085-C251-4C4C-BC1E-9EBFB0DE92C9}.Release|Any CPU.ActiveCfg = Release|Any CPU
		{B9893085-C251-4C4C-BC1E-9EBFB0DE92C9}.Release|Any CPU.Build.0 = Release|Any CPU
	EndGlobalSection
	GlobalSection(SolutionProperties) = preSolution
		HideSolutionNode = FALSE
	EndGlobalSection
	GlobalSection(ExtensibilityGlobals) = postSolution
		SolutionGuid = {178F13FA-A299-4A44-8150-DF77B64004EF}
	EndGlobalSection
EndGlobal
